
Microsoft Visual Studio Solution File, Format Version 12.00
# Visual Studio Version 16
VisualStudioVersion = 16.0.28803.156
MinimumVisualStudioVersion = 10.0.40219.1
Project("{FAE04EC0-301F-11D3-BF4B-00C04F79EFBC}") = "ImageOptimizer", "ImageOptimizer\ImageOptimizer.csproj", "{92179E07-AD9C-4181-94AD-D7BCA2329F1A}"
EndProject
Project("{FAE04EC0-301F-11D3-BF4B-00C04F79EFBC}") = "ImageOptimizer.Utility", "ImageOptimizer.Utility\ImageOptimizer.Utility.csproj", "{D0F8E08E-6B2C-4DE3-99CF-85A8CFF47423}"
EndProject
Global
	GlobalSection(SolutionConfigurationPlatforms) = preSolution
		Debug|Any CPU = Debug|Any CPU
		Release|Any CPU = Release|Any CPU
	EndGlobalSection
	GlobalSection(ProjectConfigurationPlatforms) = postSolution
		{92179E07-AD9C-4181-94AD-D7BCA2329F1A}.Debug|Any CPU.ActiveCfg = Debug|Any CPU
		{92179E07-AD9C-4181-94AD-D7BCA2329F1A}.Debug|Any CPU.Build.0 = Debug|Any CPU
		{92179E07-AD9C-4181-94AD-D7BCA2329F1A}.Release|Any CPU.ActiveCfg = Release|Any CPU
		{92179E07-AD9C-4181-94AD-D7BCA2329F1A}.Release|Any CPU.Build.0 = Release|Any CPU
		{D0F8E08E-6B2C-4DE3-99CF-85A8CFF47423}.Debug|Any CPU.ActiveCfg = Debug|Any CPU
		{D0F8E08E-6B2C-4DE3-99CF-85A8CFF47423}.Debug|Any CPU.Build.0 = Debug|Any CPU
		{D0F8E08E-6B2C-4DE3-99CF-85A8CFF47423}.Release|Any CPU.ActiveCfg = Release|Any CPU
		{D0F8E08E-6B2C-4DE3-99CF-85A8CFF47423}.Release|Any CPU.Build.0 = Release|Any CPU
	EndGlobalSection
	GlobalSection(SolutionProperties) = preSolution
		HideSolutionNode = FALSE
	EndGlobalSection
	GlobalSection(ExtensibilityGlobals) = postSolution
		SolutionGuid = {884A24AC-C300-4427-A35B-95A0F923589E}
	EndGlobalSection
EndGlobal
